{
    "_readme": [
        "This file locks the dependencies of your project to a known state",
        "Read more about it at https://getcomposer.org/doc/01-basic-usage.md#composer-lock-the-lock-file",
        "This file is @generated automatically"
    ],
    "content-hash": "7ed67424cd57951911acd69f49ada109",
    "packages": [
        {
            "name": "doctrine/collections",
            "version": "v1.6.2",
            "source": {
                "type": "git",
                "url": "https://github.com/doctrine/collections.git",
                "reference": "c5e0bc17b1620e97c968ac409acbff28b8b850be"
            },
            "dist": {
                "type": "zip",
                "url": "https://api.github.com/repos/doctrine/collections/zipball/c5e0bc17b1620e97c968ac409acbff28b8b850be",
                "reference": "c5e0bc17b1620e97c968ac409acbff28b8b850be",
                "shasum": ""
            },
            "require": {
                "php": "^7.1.3"
            },
            "require-dev": {
                "doctrine/coding-standard": "^6.0",
                "phpstan/phpstan-shim": "^0.9.2",
                "phpunit/phpunit": "^7.0",
                "vimeo/psalm": "^3.2.2"
            },
            "type": "library",
            "extra": {
                "branch-alias": {
                    "dev-master": "1.6.x-dev"
                }
            },
            "autoload": {
                "psr-4": {
                    "Doctrine\\Common\\Collections\\": "lib/Doctrine/Common/Collections"
                }
            },
            "notification-url": "https://packagist.org/downloads/",
            "license": [
                "MIT"
            ],
            "authors": [
                {
                    "name": "Roman Borschel",
                    "email": "roman@code-factory.org"
                },
                {
                    "name": "Benjamin Eberlei",
                    "email": "kontakt@beberlei.de"
                },
                {
                    "name": "Guilherme Blanco",
                    "email": "guilhermeblanco@gmail.com"
                },
                {
                    "name": "Jonathan Wage",
                    "email": "jonwage@gmail.com"
                },
                {
                    "name": "Johannes Schmitt",
                    "email": "schmittjoh@gmail.com"
                }
            ],
            "description": "PHP Doctrine Collections library that adds additional functionality on top of PHP arrays.",
            "homepage": "https://www.doctrine-project.org/projects/collections.html",
            "keywords": [
                "array",
                "collections",
                "iterators",
                "php"
            ],
            "time": "2019-06-09T13:48:14+00:00"
        },
        {
            "name": "johngrogg/ics-parser",
            "version": "v2.1.13",
            "source": {
                "type": "git",
                "url": "https://github.com/u01jmg3/ics-parser.git",
                "reference": "8def454ec4f44be28c8e8e1ddf5b97bf84f3abd8"
            },
            "dist": {
                "type": "zip",
                "url": "https://api.github.com/repos/u01jmg3/ics-parser/zipball/8def454ec4f44be28c8e8e1ddf5b97bf84f3abd8",
                "reference": "8def454ec4f44be28c8e8e1ddf5b97bf84f3abd8",
                "shasum": ""
            },
            "require": {
                "ext-mbstring": "*",
                "nesbot/carbon": "^1.39.0 || ^2.0",
                "php": ">=5.3.9"
            },
            "require-dev": {
                "phpunit/phpunit": "^4",
                "squizlabs/php_codesniffer": "~2.9.1"
            },
            "type": "library",
            "autoload": {
                "psr-0": {
                    "ICal": "src/"
                }
            },
            "notification-url": "https://packagist.org/downloads/",
            "license": [
                "MIT"
            ],
            "authors": [
                {
                    "name": "John Grogg",
                    "role": "Developer/Prior Owner",
                    "email": "john.grogg@gmail.com"
                },
                {
                    "name": "Jonathan Goode",
                    "role": "Developer/Owner"
                }
            ],
            "description": "ICS Parser",
            "homepage": "https://github.com/u01jmg3/ics-parser",
            "keywords": [
                "iCalendar",
                "ical",
                "ical-parser",
                "ics",
                "ics-parser",
                "ifb"
            ],
            "time": "2019-07-18T15:14:46+00:00"
        },
        {
            "name": "nesbot/carbon",
            "version": "2.22.3",
            "source": {
                "type": "git",
                "url": "https://github.com/briannesbitt/Carbon.git",
                "reference": "738fbd8d80b2c5e158fda76c29c2de432fcc6f7e"
            },
            "dist": {
                "type": "zip",
                "url": "https://api.github.com/repos/briannesbitt/Carbon/zipball/738fbd8d80b2c5e158fda76c29c2de432fcc6f7e",
                "reference": "738fbd8d80b2c5e158fda76c29c2de432fcc6f7e",
                "shasum": ""
            },
            "require": {
                "ext-json": "*",
                "php": "^7.1.8 || ^8.0",
                "symfony/translation": "^3.4 || ^4.0"
            },
            "require-dev": {
                "friendsofphp/php-cs-fixer": "^2.14 || ^3.0",
                "kylekatarnls/multi-tester": "^1.1",
                "phpmd/phpmd": "dev-php-7.1-compatibility",
                "phpstan/phpstan": "^0.11",
                "phpunit/phpunit": "^7.5 || ^8.0",
                "squizlabs/php_codesniffer": "^3.4"
            },
            "bin": [
                "bin/carbon"
            ],
            "type": "library",
            "extra": {
                "laravel": {
                    "providers": [
                        "Carbon\\Laravel\\ServiceProvider"
                    ]
                }
            },
            "autoload": {
                "psr-4": {
                    "Carbon\\": "src/Carbon/"
                }
            },
            "notification-url": "https://packagist.org/downloads/",
            "license": [
                "MIT"
            ],
            "authors": [
                {
                    "name": "Brian Nesbitt",
                    "email": "brian@nesbot.com",
                    "homepage": "http://nesbot.com"
                },
                {
                    "name": "kylekatarnls",
                    "homepage": "http://github.com/kylekatarnls"
                }
            ],
            "description": "A simple API extension for DateTime.",
            "homepage": "http://carbon.nesbot.com",
            "keywords": [
                "date",
                "datetime",
                "time"
            ],
            "time": "2019-08-07T12:36:44+00:00"
        },
        {
            "name": "simshaun/recurr",
            "version": "v4.1",
            "source": {
                "type": "git",
                "url": "https://github.com/simshaun/recurr.git",
                "reference": "053c35aaba20a179aa62ead344bea4a9af2c0092"
            },
            "dist": {
                "type": "zip",
                "url": "https://api.github.com/repos/simshaun/recurr/zipball/053c35aaba20a179aa62ead344bea4a9af2c0092",
                "reference": "053c35aaba20a179aa62ead344bea4a9af2c0092",
                "shasum": ""
            },
            "require": {
                "doctrine/collections": "~1.3",
                "php": ">=5.5.0"
            },
            "require-dev": {
                "phpunit/phpunit": "~4.5"
            },
            "type": "library",
            "extra": {
                "branch-alias": {
                    "dev-master": "0.x-dev"
                }
            },
            "autoload": {
                "psr-4": {
                    "Recurr\\": "src/Recurr/"
                }
            },
            "notification-url": "https://packagist.org/downloads/",
            "license": [
                "MIT"
            ],
            "authors": [
                {
                    "name": "Shaun Simmons",
                    "email": "shaun@shaun.pub",
                    "homepage": "https://shaun.pub"
                }
            ],
            "description": "PHP library for working with recurrence rules",
            "homepage": "https://github.com/simshaun/recurr",
            "keywords": [
                "dates",
                "events",
                "recurrence",
                "recurring",
                "rrule"
            ],
            "time": "2019-08-06T22:18:04+00:00"
        },
        {
            "name": "symfony/polyfill-mbstring",
            "version": "v1.12.0",
            "source": {
                "type": "git",
                "url": "https://github.com/symfony/polyfill-mbstring.git",
                "reference": "b42a2f66e8f1b15ccf25652c3424265923eb4f17"
            },
            "dist": {
                "type": "zip",
                "url": "https://api.github.com/repos/symfony/polyfill-mbstring/zipball/b42a2f66e8f1b15ccf25652c3424265923eb4f17",
                "reference": "b42a2f66e8f1b15ccf25652c3424265923eb4f17",
                "shasum": ""
            },
            "require": {
                "php": ">=5.3.3"
            },
            "suggest": {
                "ext-mbstring": "For best performance"
            },
            "type": "library",
            "extra": {
                "branch-alias": {
                    "dev-master": "1.12-dev"
                }
            },
            "autoload": {
                "psr-4": {
                    "Symfony\\Polyfill\\Mbstring\\": ""
                },
                "files": [
                    "bootstrap.php"
                ]
            },
            "notification-url": "https://packagist.org/downloads/",
            "license": [
                "MIT"
            ],
            "authors": [
                {
                    "name": "Nicolas Grekas",
                    "email": "p@tchwork.com"
                },
                {
                    "name": "Symfony Community",
                    "homepage": "https://symfony.com/contributors"
                }
            ],
            "description": "Symfony polyfill for the Mbstring extension",
            "homepage": "https://symfony.com",
            "keywords": [
                "compatibility",
                "mbstring",
                "polyfill",
                "portable",
                "shim"
            ],
            "time": "2019-08-06T08:03:45+00:00"
        },
        {
            "name": "symfony/translation",
            "version": "v4.3.3",
            "source": {
                "type": "git",
                "url": "https://github.com/symfony/translation.git",
                "reference": "4e3e39cc485304f807622bdc64938e4633396406"
            },
            "dist": {
                "type": "zip",
                "url": "https://api.github.com/repos/symfony/translation/zipball/4e3e39cc485304f807622bdc64938e4633396406",
                "reference": "4e3e39cc485304f807622bdc64938e4633396406",
                "shasum": ""
            },
            "require": {
                "php": "^7.1.3",
                "symfony/polyfill-mbstring": "~1.0",
                "symfony/translation-contracts": "^1.1.2"
            },
            "conflict": {
                "symfony/config": "<3.4",
                "symfony/dependency-injection": "<3.4",
                "symfony/yaml": "<3.4"
            },
            "provide": {
                "symfony/translation-implementation": "1.0"
            },
            "require-dev": {
                "psr/log": "~1.0",
                "symfony/config": "~3.4|~4.0",
                "symfony/console": "~3.4|~4.0",
                "symfony/dependency-injection": "~3.4|~4.0",
                "symfony/finder": "~2.8|~3.0|~4.0",
                "symfony/http-kernel": "~3.4|~4.0",
                "symfony/intl": "~3.4|~4.0",
                "symfony/service-contracts": "^1.1.2",
                "symfony/var-dumper": "~3.4|~4.0",
                "symfony/yaml": "~3.4|~4.0"
            },
            "suggest": {
                "psr/log-implementation": "To use logging capability in translator",
                "symfony/config": "",
                "symfony/yaml": ""
            },
            "type": "library",
            "extra": {
                "branch-alias": {
                    "dev-master": "4.3-dev"
                }
            },
            "autoload": {
                "psr-4": {
                    "Symfony\\Component\\Translation\\": ""
                },
                "exclude-from-classmap": [
                    "/Tests/"
                ]
            },
            "notification-url": "https://packagist.org/downloads/",
            "license": [
                "MIT"
            ],
            "authors": [
                {
                    "name": "Fabien Potencier",
                    "email": "fabien@symfony.com"
                },
                {
                    "name": "Symfony Community",
                    "homepage": "https://symfony.com/contributors"
                }
            ],
            "description": "Symfony Translation Component",
            "homepage": "https://symfony.com",
            "time": "2019-07-18T10:34:59+00:00"
        },
        {
            "name": "symfony/translation-contracts",
            "version": "v1.1.5",
            "source": {
                "type": "git",
                "url": "https://github.com/symfony/translation-contracts.git",
                "reference": "cb4b18ad7b92a26e83b65dde940fab78339e6f3c"
            },
            "dist": {
                "type": "zip",
                "url": "https://api.github.com/repos/symfony/translation-contracts/zipball/cb4b18ad7b92a26e83b65dde940fab78339e6f3c",
                "reference": "cb4b18ad7b92a26e83b65dde940fab78339e6f3c",
                "shasum": ""
            },
            "require": {
                "php": "^7.1.3"
            },
            "suggest": {
                "symfony/translation-implementation": ""
            },
            "type": "library",
            "extra": {
                "branch-alias": {
                    "dev-master": "1.1-dev"
                }
            },
            "autoload": {
                "psr-4": {
                    "Symfony\\Contracts\\Translation\\": ""
                }
            },
            "notification-url": "https://packagist.org/downloads/",
            "license": [
                "MIT"
            ],
            "authors": [
                {
                    "name": "Nicolas Grekas",
                    "email": "p@tchwork.com"
                },
                {
                    "name": "Symfony Community",
                    "homepage": "https://symfony.com/contributors"
                }
            ],
            "description": "Generic abstractions related to translation",
            "homepage": "https://symfony.com",
            "keywords": [
                "abstractions",
                "contracts",
                "decoupling",
                "interfaces",
                "interoperability",
                "standards"
            ],
            "time": "2019-06-13T11:15:36+00:00"
        }
    ],
    "packages-dev": [],
    "aliases": [],
    "minimum-stability": "stable",
    "stability-flags": [],
    "prefer-stable": false,
    "prefer-lowest": false,
    "platform": [],
    "platform-dev": []
}
